// !$*UTF8*$!
{
	archiveVersion = 1;
	classes = {
	};
	objectVersion = 46;
	objects = {

/* Begin PBXBuildFile section */
		0F33D2761C66C53A007E498E /* Card.swift in Sources */ = {isa = PBXBuildFile; fileRef = 0F33D2751C66C53A007E498E /* Card.swift */; };
		0F33D2781C66C7F9007E498E /* Card.xib in Resources */ = {isa = PBXBuildFile; fileRef = 0F33D2771C66C7F9007E498E /* Card.xib */; };
		0F33D27A1C67DCA3007E498E /* Ace_Clubs.png in Resources */ = {isa = PBXBuildFile; fileRef = 0F33D2791C67DCA3007E498E /* Ace_Clubs.png */; };
		0F33D27E1C67DCBE007E498E /* Ace_Hearts.png in Resources */ = {isa = PBXBuildFile; fileRef = 0F33D27D1C67DCBE007E498E /* Ace_Hearts.png */; };
		0F33D2801C67DCCB007E498E /* Ace_Spades.png in Resources */ = {isa = PBXBuildFile; fileRef = 0F33D27F1C67DCCB007E498E /* Ace_Spades.png */; };
		0F33D2821C67DDA5007E498E /* King_Diamonds.png in Resources */ = {isa = PBXBuildFile; fileRef = 0F33D2811C67DDA5007E498E /* King_Diamonds.png */; };
		0F33D2851C67DDD1007E498E /* King_Clubs.png in Resources */ = {isa = PBXBuildFile; fileRef = 0F33D2831C67DDD1007E498E /* King_Clubs.png */; };
		0F33D2861C67DDD1007E498E /* King_Hearts.png in Resources */ = {isa = PBXBuildFile; fileRef = 0F33D2841C67DDD1007E498E /* King_Hearts.png */; };
		0F33D2881C67DE39007E498E /* Ace_Diamonds.png in Resources */ = {isa = PBXBuildFile; fileRef = 0F33D2871C67DE39007E498E /* Ace_Diamonds.png */; };
		0F33D28D1C67DE86007E498E /* Queen_Clubs.png in Resources */ = {isa = PBXBuildFile; fileRef = 0F33D2891C67DE86007E498E /* Queen_Clubs.png */; };
		0F33D28E1C67DE86007E498E /* Queen_Diamonds.png in Resources */ = {isa = PBXBuildFile; fileRef = 0F33D28A1C67DE86007E498E /* Queen_Diamonds.png */; };
		0F33D28F1C67DE86007E498E /* Queen_Hearts.png in Resources */ = {isa = PBXBuildFile; fileRef = 0F33D28B1C67DE86007E498E /* Queen_Hearts.png */; };
		0F33D2901C67DE86007E498E /* Queen_Spades.png in Resources */ = {isa = PBXBuildFile; fileRef = 0F33D28C1C67DE86007E498E /* Queen_Spades.png */; };
		0F33D2951C67DEF1007E498E /* Jack_Clubs.png in Resources */ = {isa = PBXBuildFile; fileRef = 0F33D2911C67DEF1007E498E /* Jack_Clubs.png */; };
		0F33D2961C67DEF1007E498E /* Jack_Diamonds.png in Resources */ = {isa = PBXBuildFile; fileRef = 0F33D2921C67DEF1007E498E /* Jack_Diamonds.png */; };
		0F33D2971C67DEF1007E498E /* Jack_Hearts.png in Resources */ = {isa = PBXBuildFile; fileRef = 0F33D2931C67DEF1007E498E /* Jack_Hearts.png */; };
		0F33D2981C67DEF1007E498E /* Jack_Spades.png in Resources */ = {isa = PBXBuildFile; fileRef = 0F33D2941C67DEF1007E498E /* Jack_Spades.png */; };
		0F33D29D1C67DF5E007E498E /* Ten_Clubs.png in Resources */ = {isa = PBXBuildFile; fileRef = 0F33D2991C67DF5E007E498E /* Ten_Clubs.png */; };
		0F33D29E1C67DF5E007E498E /* Ten_Diamonds.png in Resources */ = {isa = PBXBuildFile; fileRef = 0F33D29A1C67DF5E007E498E /* Ten_Diamonds.png */; };
		0F33D29F1C67DF5E007E498E /* Ten_Hearts.png in Resources */ = {isa = PBXBuildFile; fileRef = 0F33D29B1C67DF5E007E498E /* Ten_Hearts.png */; };
		0F33D2A01C67DF5E007E498E /* Ten_Spades.png in Resources */ = {isa = PBXBuildFile; fileRef = 0F33D29C1C67DF5E007E498E /* Ten_Spades.png */; };
		0F33D2A51C67DFA6007E498E /* Nine_Clubs.png in Resources */ = {isa = PBXBuildFile; fileRef = 0F33D2A11C67DFA6007E498E /* Nine_Clubs.png */; };
		0F33D2A61C67DFA6007E498E /* Nine_Diamonds.png in Resources */ = {isa = PBXBuildFile; fileRef = 0F33D2A21C67DFA6007E498E /* Nine_Diamonds.png */; };
		0F33D2A71C67DFA6007E498E /* Nine_Hearts.png in Resources */ = {isa = PBXBuildFile; fileRef = 0F33D2A31C67DFA6007E498E /* Nine_Hearts.png */; };
		0F33D2A81C67DFA6007E498E /* Nine_Spades.png in Resources */ = {isa = PBXBuildFile; fileRef = 0F33D2A41C67DFA6007E498E /* Nine_Spades.png */; };
		0F33D2AD1C67DFD3007E498E /* Eight_Clubs.png in Resources */ = {isa = PBXBuildFile; fileRef = 0F33D2A91C67DFD3007E498E /* Eight_Clubs.png */; };
		0F33D2AE1C67DFD3007E498E /* Eight_Diamonds.png in Resources */ = {isa = PBXBuildFile; fileRef = 0F33D2AA1C67DFD3007E498E /* Eight_Diamonds.png */; };
		0F33D2AF1C67DFD3007E498E /* Eight_Hearts.png in Resources */ = {isa = PBXBuildFile; fileRef = 0F33D2AB1C67DFD3007E498E /* Eight_Hearts.png */; };
		0F33D2B01C67DFD3007E498E /* Eight_Spades.png in Resources */ = {isa = PBXBuildFile; fileRef = 0F33D2AC1C67DFD3007E498E /* Eight_Spades.png */; };
		0F33D2B51C67E016007E498E /* Seven_Clubs.png in Resources */ = {isa = PBXBuildFile; fileRef = 0F33D2B11C67E016007E498E /* Seven_Clubs.png */; };
		0F33D2B61C67E016007E498E /* Seven_Diamonds.png in Resources */ = {isa = PBXBuildFile; fileRef = 0F33D2B21C67E016007E498E /* Seven_Diamonds.png */; };
		0F33D2B71C67E016007E498E /* Seven_Hearts.png in Resources */ = {isa = PBXBuildFile; fileRef = 0F33D2B31C67E016007E498E /* Seven_Hearts.png */; };
		0F33D2B81C67E016007E498E /* Seven_Spades.png in Resources */ = {isa = PBXBuildFile; fileRef = 0F33D2B41C67E016007E498E /* Seven_Spades.png */; };
		0F33D2BD1C67E04D007E498E /* Six_Clubs.png in Resources */ = {isa = PBXBuildFile; fileRef = 0F33D2B91C67E04D007E498E /* Six_Clubs.png */; };
		0F33D2BE1C67E04D007E498E /* Six_Diamonds.png in Resources */ = {isa = PBXBuildFile; fileRef = 0F33D2BA1C67E04D007E498E /* Six_Diamonds.png */; };
		0F33D2BF1C67E04D007E498E /* Six_Hearts.png in Resources */ = {isa = PBXBuildFile; fileRef = 0F33D2BB1C67E04D007E498E /* Six_Hearts.png */; };
		0F33D2C01C67E04D007E498E /* Six_Spades.png in Resources */ = {isa = PBXBuildFile; fileRef = 0F33D2BC1C67E04D007E498E /* Six_Spades.png */; };
		0F33D2C21C67E086007E498E /* Five_Clubs.png in Resources */ = {isa = PBXBuildFile; fileRef = 0F33D2C11C67E086007E498E /* Five_Clubs.png */; };
		0F33D2C61C67E095007E498E /* Five_Diamonds.png in Resources */ = {isa = PBXBuildFile; fileRef = 0F33D2C31C67E095007E498E /* Five_Diamonds.png */; };
		0F33D2C71C67E095007E498E /* Five_Hearts.png in Resources */ = {isa = PBXBuildFile; fileRef = 0F33D2C41C67E095007E498E /* Five_Hearts.png */; };
		0F33D2C81C67E095007E498E /* Five_Spades.png in Resources */ = {isa = PBXBuildFile; fileRef = 0F33D2C51C67E095007E498E /* Five_Spades.png */; };
		0F33D2CD1C67E0D0007E498E /* Four_Clubs.png in Resources */ = {isa = PBXBuildFile; fileRef = 0F33D2C91C67E0D0007E498E /* Four_Clubs.png */; };
		0F33D2CE1C67E0D0007E498E /* Four_Diamonds.png in Resources */ = {isa = PBXBuildFile; fileRef = 0F33D2CA1C67E0D0007E498E /* Four_Diamonds.png */; };
		0F33D2CF1C67E0D0007E498E /* Four_Hearts.png in Resources */ = {isa = PBXBuildFile; fileRef = 0F33D2CB1C67E0D0007E498E /* Four_Hearts.png */; };
		0F33D2D01C67E0D0007E498E /* Four_Spades.png in Resources */ = {isa = PBXBuildFile; fileRef = 0F33D2CC1C67E0D0007E498E /* Four_Spades.png */; };
		0F33D2D51C67E106007E498E /* Three_Clubs.png in Resources */ = {isa = PBXBuildFile; fileRef = 0F33D2D11C67E106007E498E /* Three_Clubs.png */; };
		0F33D2D61C67E106007E498E /* Three_Diamonds.png in Resources */ = {isa = PBXBuildFile; fileRef = 0F33D2D21C67E106007E498E /* Three_Diamonds.png */; };
		0F33D2D71C67E106007E498E /* Three_Hearts.png in Resources */ = {isa = PBXBuildFile; fileRef = 0F33D2D31C67E106007E498E /* Three_Hearts.png */; };
		0F33D2D81C67E106007E498E /* Three_Spades.png in Resources */ = {isa = PBXBuildFile; fileRef = 0F33D2D41C67E106007E498E /* Three_Spades.png */; };
		0F33D2DD1C67E123007E498E /* Two_Clubs.png in Resources */ = {isa = PBXBuildFile; fileRef = 0F33D2D91C67E123007E498E /* Two_Clubs.png */; };
		0F33D2DE1C67E123007E498E /* Two_Diamonds.png in Resources */ = {isa = PBXBuildFile; fileRef = 0F33D2DA1C67E123007E498E /* Two_Diamonds.png */; };
		0F33D2DF1C67E123007E498E /* Two_Hearts.png in Resources */ = {isa = PBXBuildFile; fileRef = 0F33D2DB1C67E123007E498E /* Two_Hearts.png */; };
		0F33D2E01C67E123007E498E /* Two_Spades.png in Resources */ = {isa = PBXBuildFile; fileRef = 0F33D2DC1C67E123007E498E /* Two_Spades.png */; };
		0F33D2E21C67F125007E498E /* King_Spades.png in Resources */ = {isa = PBXBuildFile; fileRef = 0F33D2E11C67F125007E498E /* King_Spades.png */; };
		386E92491C5665D4007D0AF0 /* AppDelegate.swift in Sources */ = {isa = PBXBuildFile; fileRef = 386E92481C5665D4007D0AF0 /* AppDelegate.swift */; };
		386E924B1C5665D4007D0AF0 /* Assets.xcassets in Resources */ = {isa = PBXBuildFile; fileRef = 386E924A1C5665D4007D0AF0 /* Assets.xcassets */; };
		386E924E1C5665D4007D0AF0 /* MainMenu.xib in Resources */ = {isa = PBXBuildFile; fileRef = 386E924C1C5665D4007D0AF0 /* MainMenu.xib */; };
		38D4CB151C65417F00859E04 /* random_card_generator.swift in Sources */ = {isa = PBXBuildFile; fileRef = 38D4CB141C65417F00859E04 /* random_card_generator.swift */; };
/* End PBXBuildFile section */

/* Begin PBXFileReference section */
		0F33D2751C66C53A007E498E /* Card.swift */ = {isa = PBXFileReference; fileEncoding = 4; lastKnownFileType = sourcecode.swift; path = Card.swift; sourceTree = "<group>"; };
		0F33D2771C66C7F9007E498E /* Card.xib */ = {isa = PBXFileReference; fileEncoding = 4; lastKnownFileType = file.xib; path = Card.xib; sourceTree = "<group>"; };
		0F33D2791C67DCA3007E498E /* Ace_Clubs.png */ = {isa = PBXFileReference; lastKnownFileType = image.png; path = Ace_Clubs.png; sourceTree = "<group>"; };
		0F33D27D1C67DCBE007E498E /* Ace_Hearts.png */ = {isa = PBXFileReference; lastKnownFileType = image.png; path = Ace_Hearts.png; sourceTree = "<group>"; };
		0F33D27F1C67DCCB007E498E /* Ace_Spades.png */ = {isa = PBXFileReference; lastKnownFileType = image.png; path = Ace_Spades.png; sourceTree = "<group>"; };
		0F33D2811C67DDA5007E498E /* King_Diamonds.png */ = {isa = PBXFileReference; lastKnownFileType = image.png; path = King_Diamonds.png; sourceTree = "<group>"; };
		0F33D2831C67DDD1007E498E /* King_Clubs.png */ = {isa = PBXFileReference; lastKnownFileType = image.png; path = King_Clubs.png; sourceTree = "<group>"; };
		0F33D2841C67DDD1007E498E /* King_Hearts.png */ = {isa = PBXFileReference; lastKnownFileType = image.png; path = King_Hearts.png; sourceTree = "<group>"; };
		0F33D2871C67DE39007E498E /* Ace_Diamonds.png */ = {isa = PBXFileReference; lastKnownFileType = image.png; path = Ace_Diamonds.png; sourceTree = "<group>"; };
		0F33D2891C67DE86007E498E /* Queen_Clubs.png */ = {isa = PBXFileReference; lastKnownFileType = image.png; path = Queen_Clubs.png; sourceTree = "<group>"; };
		0F33D28A1C67DE86007E498E /* Queen_Diamonds.png */ = {isa = PBXFileReference; lastKnownFileType = image.png; path = Queen_Diamonds.png; sourceTree = "<group>"; };
		0F33D28B1C67DE86007E498E /* Queen_Hearts.png */ = {isa = PBXFileReference; lastKnownFileType = image.png; path = Queen_Hearts.png; sourceTree = "<group>"; };
		0F33D28C1C67DE86007E498E /* Queen_Spades.png */ = {isa = PBXFileReference; lastKnownFileType = image.png; path = Queen_Spades.png; sourceTree = "<group>"; };
		0F33D2911C67DEF1007E498E /* Jack_Clubs.png */ = {isa = PBXFileReference; lastKnownFileType = image.png; path = Jack_Clubs.png; sourceTree = "<group>"; };
		0F33D2921C67DEF1007E498E /* Jack_Diamonds.png */ = {isa = PBXFileReference; lastKnownFileType = image.png; path = Jack_Diamonds.png; sourceTree = "<group>"; };
		0F33D2931C67DEF1007E498E /* Jack_Hearts.png */ = {isa = PBXFileReference; lastKnownFileType = image.png; path = Jack_Hearts.png; sourceTree = "<group>"; };
		0F33D2941C67DEF1007E498E /* Jack_Spades.png */ = {isa = PBXFileReference; lastKnownFileType = image.png; path = Jack_Spades.png; sourceTree = "<group>"; };
		0F33D2991C67DF5E007E498E /* Ten_Clubs.png */ = {isa = PBXFileReference; lastKnownFileType = image.png; path = Ten_Clubs.png; sourceTree = "<group>"; };
		0F33D29A1C67DF5E007E498E /* Ten_Diamonds.png */ = {isa = PBXFileReference; lastKnownFileType = image.png; path = Ten_Diamonds.png; sourceTree = "<group>"; };
		0F33D29B1C67DF5E007E498E /* Ten_Hearts.png */ = {isa = PBXFileReference; lastKnownFileType = image.png; path = Ten_Hearts.png; sourceTree = "<group>"; };
		0F33D29C1C67DF5E007E498E /* Ten_Spades.png */ = {isa = PBXFileReference; lastKnownFileType = image.png; path = Ten_Spades.png; sourceTree = "<group>"; };
		0F33D2A11C67DFA6007E498E /* Nine_Clubs.png */ = {isa = PBXFileReference; lastKnownFileType = image.png; path = Nine_Clubs.png; sourceTree = "<group>"; };
		0F33D2A21C67DFA6007E498E /* Nine_Diamonds.png */ = {isa = PBXFileReference; lastKnownFileType = image.png; path = Nine_Diamonds.png; sourceTree = "<group>"; };
		0F33D2A31C67DFA6007E498E /* Nine_Hearts.png */ = {isa = PBXFileReference; lastKnownFileType = image.png; path = Nine_Hearts.png; sourceTree = "<group>"; };
		0F33D2A41C67DFA6007E498E /* Nine_Spades.png */ = {isa = PBXFileReference; lastKnownFileType = image.png; path = Nine_Spades.png; sourceTree = "<group>"; };
		0F33D2A91C67DFD3007E498E /* Eight_Clubs.png */ = {isa = PBXFileReference; lastKnownFileType = image.png; path = Eight_Clubs.png; sourceTree = "<group>"; };
		0F33D2AA1C67DFD3007E498E /* Eight_Diamonds.png */ = {isa = PBXFileReference; lastKnownFileType = image.png; path = Eight_Diamonds.png; sourceTree = "<group>"; };
		0F33D2AB1C67DFD3007E498E /* Eight_Hearts.png */ = {isa = PBXFileReference; lastKnownFileType = image.png; path = Eight_Hearts.png; sourceTree = "<group>"; };
		0F33D2AC1C67DFD3007E498E /* Eight_Spades.png */ = {isa = PBXFileReference; lastKnownFileType = image.png; path = Eight_Spades.png; sourceTree = "<group>"; };
		0F33D2B11C67E016007E498E /* Seven_Clubs.png */ = {isa = PBXFileReference; lastKnownFileType = image.png; path = Seven_Clubs.png; sourceTree = "<group>"; };
		0F33D2B21C67E016007E498E /* Seven_Diamonds.png */ = {isa = PBXFileReference; lastKnownFileType = image.png; path = Seven_Diamonds.png; sourceTree = "<group>"; };
		0F33D2B31C67E016007E498E /* Seven_Hearts.png */ = {isa = PBXFileReference; lastKnownFileType = image.png; path = Seven_Hearts.png; sourceTree = "<group>"; };
		0F33D2B41C67E016007E498E /* Seven_Spades.png */ = {isa = PBXFileReference; lastKnownFileType = image.png; path = Seven_Spades.png; sourceTree = "<group>"; };
		0F33D2B91C67E04D007E498E /* Six_Clubs.png */ = {isa = PBXFileReference; lastKnownFileType = image.png; path = Six_Clubs.png; sourceTree = "<group>"; };
		0F33D2BA1C67E04D007E498E /* Six_Diamonds.png */ = {isa = PBXFileReference; lastKnownFileType = image.png; path = Six_Diamonds.png; sourceTree = "<group>"; };
		0F33D2BB1C67E04D007E498E /* Six_Hearts.png */ = {isa = PBXFileReference; lastKnownFileType = image.png; path = Six_Hearts.png; sourceTree = "<group>"; };
		0F33D2BC1C67E04D007E498E /* Six_Spades.png */ = {isa = PBXFileReference; lastKnownFileType = image.png; path = Six_Spades.png; sourceTree = "<group>"; };
		0F33D2C11C67E086007E498E /* Five_Clubs.png */ = {isa = PBXFileReference; lastKnownFileType = image.png; path = Five_Clubs.png; sourceTree = "<group>"; };
		0F33D2C31C67E095007E498E /* Five_Diamonds.png */ = {isa = PBXFileReference; lastKnownFileType = image.png; path = Five_Diamonds.png; sourceTree = "<group>"; };
		0F33D2C41C67E095007E498E /* Five_Hearts.png */ = {isa = PBXFileReference; lastKnownFileType = image.png; path = Five_Hearts.png; sourceTree = "<group>"; };
		0F33D2C51C67E095007E498E /* Five_Spades.png */ = {isa = PBXFileReference; lastKnownFileType = image.png; path = Five_Spades.png; sourceTree = "<group>"; };
		0F33D2C91C67E0D0007E498E /* Four_Clubs.png */ = {isa = PBXFileReference; lastKnownFileType = image.png; path = Four_Clubs.png; sourceTree = "<group>"; };
		0F33D2CA1C67E0D0007E498E /* Four_Diamonds.png */ = {isa = PBXFileReference; lastKnownFileType = image.png; path = Four_Diamonds.png; sourceTree = "<group>"; };
		0F33D2CB1C67E0D0007E498E /* Four_Hearts.png */ = {isa = PBXFileReference; lastKnownFileType = image.png; path = Four_Hearts.png; sourceTree = "<group>"; };
		0F33D2CC1C67E0D0007E498E /* Four_Spades.png */ = {isa = PBXFileReference; lastKnownFileType = image.png; path = Four_Spades.png; sourceTree = "<group>"; };
		0F33D2D11C67E106007E498E /* Three_Clubs.png */ = {isa = PBXFileReference; lastKnownFileType = image.png; path = Three_Clubs.png; sourceTree = "<group>"; };
		0F33D2D21C67E106007E498E /* Three_Diamonds.png */ = {isa = PBXFileReference; lastKnownFileType = image.png; path = Three_Diamonds.png; sourceTree = "<group>"; };
		0F33D2D31C67E106007E498E /* Three_Hearts.png */ = {isa = PBXFileReference; lastKnownFileType = image.png; path = Three_Hearts.png; sourceTree = "<group>"; };
		0F33D2D41C67E106007E498E /* Three_Spades.png */ = {isa = PBXFileReference; lastKnownFileType = image.png; path = Three_Spades.png; sourceTree = "<group>"; };
		0F33D2D91C67E123007E498E /* Two_Clubs.png */ = {isa = PBXFileReference; lastKnownFileType = image.png; path = Two_Clubs.png; sourceTree = "<group>"; };
		0F33D2DA1C67E123007E498E /* Two_Diamonds.png */ = {isa = PBXFileReference; lastKnownFileType = image.png; path = Two_Diamonds.png; sourceTree = "<group>"; };
		0F33D2DB1C67E123007E498E /* Two_Hearts.png */ = {isa = PBXFileReference; lastKnownFileType = image.png; path = Two_Hearts.png; sourceTree = "<group>"; };
		0F33D2DC1C67E123007E498E /* Two_Spades.png */ = {isa = PBXFileReference; lastKnownFileType = image.png; path = Two_Spades.png; sourceTree = "<group>"; };
		0F33D2E11C67F125007E498E /* King_Spades.png */ = {isa = PBXFileReference; lastKnownFileType = image.png; path = King_Spades.png; sourceTree = "<group>"; };
		386E92451C5665D4007D0AF0 /* random_card.app */ = {isa = PBXFileReference; explicitFileType = wrapper.application; includeInIndex = 0; path = random_card.app; sourceTree = BUILT_PRODUCTS_DIR; };
		386E92481C5665D4007D0AF0 /* AppDelegate.swift */ = {isa = PBXFileReference; lastKnownFileType = sourcecode.swift; path = AppDelegate.swift; sourceTree = "<group>"; };
		386E924A1C5665D4007D0AF0 /* Assets.xcassets */ = {isa = PBXFileReference; lastKnownFileType = folder.assetcatalog; path = Assets.xcassets; sourceTree = "<group>"; };
		386E924D1C5665D4007D0AF0 /* Base */ = {isa = PBXFileReference; lastKnownFileType = file.xib; name = Base; path = Base.lproj/MainMenu.xib; sourceTree = "<group>"; };
		386E924F1C5665D4007D0AF0 /* Info.plist */ = {isa = PBXFileReference; lastKnownFileType = text.plist.xml; path = Info.plist; sourceTree = "<group>"; };
		38D4CB141C65417F00859E04 /* random_card_generator.swift */ = {isa = PBXFileReference; fileEncoding = 4; lastKnownFileType = sourcecode.swift; path = random_card_generator.swift; sourceTree = "<group>"; };
/* End PBXFileReference section */

/* Begin PBXFrameworksBuildPhase section */
		386E92421C5665D4007D0AF0 /* Frameworks */ = {
			isa = PBXFrameworksBuildPhase;
			buildActionMask = 2147483647;
			files = (
			);
			runOnlyForDeploymentPostprocessing = 0;
		};
/* End PBXFrameworksBuildPhase section */

/* Begin PBXGroup section */
		386DD7E71C566D8400815814 /* Images */ = {
			isa = PBXGroup;
			children = (
				0F33D2E11C67F125007E498E /* King_Spades.png */,
				0F33D2D91C67E123007E498E /* Two_Clubs.png */,
				0F33D2DA1C67E123007E498E /* Two_Diamonds.png */,
				0F33D2DB1C67E123007E498E /* Two_Hearts.png */,
				0F33D2DC1C67E123007E498E /* Two_Spades.png */,
				0F33D2D11C67E106007E498E /* Three_Clubs.png */,
				0F33D2D21C67E106007E498E /* Three_Diamonds.png */,
				0F33D2D31C67E106007E498E /* Three_Hearts.png */,
				0F33D2D41C67E106007E498E /* Three_Spades.png */,
				0F33D28C1C67DE86007E498E /* Queen_Spades.png */,
				0F33D28B1C67DE86007E498E /* Queen_Hearts.png */,
				0F33D28A1C67DE86007E498E /* Queen_Diamonds.png */,
				0F33D2891C67DE86007E498E /* Queen_Clubs.png */,
				0F33D2831C67DDD1007E498E /* King_Clubs.png */,
				0F33D2841C67DDD1007E498E /* King_Hearts.png */,
				0F33D2811C67DDA5007E498E /* King_Diamonds.png */,
				0F33D2871C67DE39007E498E /* Ace_Diamonds.png */,
				0F33D27F1C67DCCB007E498E /* Ace_Spades.png */,
				0F33D27D1C67DCBE007E498E /* Ace_Hearts.png */,
				0F33D2C11C67E086007E498E /* Five_Clubs.png */,
				0F33D2C91C67E0D0007E498E /* Four_Clubs.png */,
				0F33D2CA1C67E0D0007E498E /* Four_Diamonds.png */,
				0F33D2CB1C67E0D0007E498E /* Four_Hearts.png */,
				0F33D2CC1C67E0D0007E498E /* Four_Spades.png */,
				0F33D2C31C67E095007E498E /* Five_Diamonds.png */,
				0F33D2C41C67E095007E498E /* Five_Hearts.png */,
				0F33D2C51C67E095007E498E /* Five_Spades.png */,
				0F33D2B91C67E04D007E498E /* Six_Clubs.png */,
				0F33D2BA1C67E04D007E498E /* Six_Diamonds.png */,
				0F33D2BB1C67E04D007E498E /* Six_Hearts.png */,
				0F33D2BC1C67E04D007E498E /* Six_Spades.png */,
				0F33D2B11C67E016007E498E /* Seven_Clubs.png */,
				0F33D2B21C67E016007E498E /* Seven_Diamonds.png */,
				0F33D2B31C67E016007E498E /* Seven_Hearts.png */,
				0F33D2B41C67E016007E498E /* Seven_Spades.png */,
				0F33D2A91C67DFD3007E498E /* Eight_Clubs.png */,
				0F33D2AA1C67DFD3007E498E /* Eight_Diamonds.png */,
				0F33D2AB1C67DFD3007E498E /* Eight_Hearts.png */,
				0F33D2AC1C67DFD3007E498E /* Eight_Spades.png */,
				0F33D2A11C67DFA6007E498E /* Nine_Clubs.png */,
				0F33D2A21C67DFA6007E498E /* Nine_Diamonds.png */,
				0F33D2A31C67DFA6007E498E /* Nine_Hearts.png */,
				0F33D2A41C67DFA6007E498E /* Nine_Spades.png */,
				0F33D2991C67DF5E007E498E /* Ten_Clubs.png */,
				0F33D29A1C67DF5E007E498E /* Ten_Diamonds.png */,
				0F33D29B1C67DF5E007E498E /* Ten_Hearts.png */,
				0F33D29C1C67DF5E007E498E /* Ten_Spades.png */,
				0F33D2911C67DEF1007E498E /* Jack_Clubs.png */,
				0F33D2921C67DEF1007E498E /* Jack_Diamonds.png */,
				0F33D2931C67DEF1007E498E /* Jack_Hearts.png */,
				0F33D2941C67DEF1007E498E /* Jack_Spades.png */,
				0F33D2791C67DCA3007E498E /* Ace_Clubs.png */,
			);
			name = Images;
			sourceTree = "<group>";
		};
		386E923C1C5665D4007D0AF0 = {
			isa = PBXGroup;
			children = (
				386DD7E71C566D8400815814 /* Images */,
				386E92471C5665D4007D0AF0 /* random_card */,
				386E92461C5665D4007D0AF0 /* Products */,
			);
			sourceTree = "<group>";
		};
		386E92461C5665D4007D0AF0 /* Products */ = {
			isa = PBXGroup;
			children = (
				386E92451C5665D4007D0AF0 /* random_card.app */,
			);
			name = Products;
			sourceTree = "<group>";
		};
		386E92471C5665D4007D0AF0 /* random_card */ = {
			isa = PBXGroup;
			children = (
				0F33D2771C66C7F9007E498E /* Card.xib */,
				386E92481C5665D4007D0AF0 /* AppDelegate.swift */,
				386E924A1C5665D4007D0AF0 /* Assets.xcassets */,
				386E924C1C5665D4007D0AF0 /* MainMenu.xib */,
				386E924F1C5665D4007D0AF0 /* Info.plist */,
				38D4CB141C65417F00859E04 /* random_card_generator.swift */,
				0F33D2751C66C53A007E498E /* Card.swift */,
			);
			path = random_card;
			sourceTree = "<group>";
		};
/* End PBXGroup section */

/* Begin PBXNativeTarget section */
		386E92441C5665D4007D0AF0 /* random_card */ = {
			isa = PBXNativeTarget;
			buildConfigurationList = 386E92521C5665D4007D0AF0 /* Build configuration list for PBXNativeTarget "random_card" */;
			buildPhases = (
				386E92411C5665D4007D0AF0 /* Sources */,
				386E92421C5665D4007D0AF0 /* Frameworks */,
				386E92431C5665D4007D0AF0 /* Resources */,
			);
			buildRules = (
			);
			dependencies = (
			);
			name = random_card;
			productName = random_card;
			productReference = 386E92451C5665D4007D0AF0 /* random_card.app */;
			productType = "com.apple.product-type.application";
		};
/* End PBXNativeTarget section */

/* Begin PBXProject section */
		386E923D1C5665D4007D0AF0 /* Project object */ = {
			isa = PBXProject;
			attributes = {
				LastSwiftUpdateCheck = 0720;
				LastUpgradeCheck = 0720;
				ORGANIZATIONNAME = "Jennifer Anderson";
				TargetAttributes = {
					386E92441C5665D4007D0AF0 = {
						CreatedOnToolsVersion = 7.2;
					};
				};
			};
			buildConfigurationList = 386E92401C5665D4007D0AF0 /* Build configuration list for PBXProject "random_card" */;
			compatibilityVersion = "Xcode 3.2";
			developmentRegion = English;
			hasScannedForEncodings = 0;
			knownRegions = (
				en,
				Base,
			);
			mainGroup = 386E923C1C5665D4007D0AF0;
			productRefGroup = 386E92461C5665D4007D0AF0 /* Products */;
			projectDirPath = "";
			projectRoot = "";
			targets = (
				386E92441C5665D4007D0AF0 /* random_card */,
			);
		};
/* End PBXProject section */

/* Begin PBXResourcesBuildPhase section */
		386E92431C5665D4007D0AF0 /* Resources */ = {
			isa = PBXResourcesBuildPhase;
			buildActionMask = 2147483647;
			files = (
				0F33D2881C67DE39007E498E /* Ace_Diamonds.png in Resources */,
				0F33D27E1C67DCBE007E498E /* Ace_Hearts.png in Resources */,
				386E924B1C5665D4007D0AF0 /* Assets.xcassets in Resources */,
				0F33D2861C67DDD1007E498E /* King_Hearts.png in Resources */,
				0F33D2B51C67E016007E498E /* Seven_Clubs.png in Resources */,
				0F33D2A81C67DFA6007E498E /* Nine_Spades.png in Resources */,
				0F33D2CD1C67E0D0007E498E /* Four_Clubs.png in Resources */,
				0F33D2BE1C67E04D007E498E /* Six_Diamonds.png in Resources */,
				0F33D2C01C67E04D007E498E /* Six_Spades.png in Resources */,
				0F33D2A01C67DF5E007E498E /* Ten_Spades.png in Resources */,
				0F33D2C71C67E095007E498E /* Five_Hearts.png in Resources */,
				0F33D2961C67DEF1007E498E /* Jack_Diamonds.png in Resources */,
				0F33D2D71C67E106007E498E /* Three_Hearts.png in Resources */,
				0F33D29D1C67DF5E007E498E /* Ten_Clubs.png in Resources */,
				0F33D2AD1C67DFD3007E498E /* Eight_Clubs.png in Resources */,
				0F33D2AE1C67DFD3007E498E /* Eight_Diamonds.png in Resources */,
				0F33D28D1C67DE86007E498E /* Queen_Clubs.png in Resources */,
				0F33D2D51C67E106007E498E /* Three_Clubs.png in Resources */,
				0F33D2801C67DCCB007E498E /* Ace_Spades.png in Resources */,
				0F33D2B61C67E016007E498E /* Seven_Diamonds.png in Resources */,
				0F33D2981C67DEF1007E498E /* Jack_Spades.png in Resources */,
				0F33D2D61C67E106007E498E /* Three_Diamonds.png in Resources */,
				0F33D2DF1C67E123007E498E /* Two_Hearts.png in Resources */,
				0F33D28E1C67DE86007E498E /* Queen_Diamonds.png in Resources */,
				0F33D29F1C67DF5E007E498E /* Ten_Hearts.png in Resources */,
				0F33D2901C67DE86007E498E /* Queen_Spades.png in Resources */,
				0F33D28F1C67DE86007E498E /* Queen_Hearts.png in Resources */,
				0F33D2BD1C67E04D007E498E /* Six_Clubs.png in Resources */,
				0F33D2821C67DDA5007E498E /* King_Diamonds.png in Resources */,
				0F33D29E1C67DF5E007E498E /* Ten_Diamonds.png in Resources */,
				0F33D2D01C67E0D0007E498E /* Four_Spades.png in Resources */,
				0F33D2951C67DEF1007E498E /* Jack_Clubs.png in Resources */,
				0F33D2A71C67DFA6007E498E /* Nine_Hearts.png in Resources */,
				0F33D27A1C67DCA3007E498E /* Ace_Clubs.png in Resources */,
				0F33D2B81C67E016007E498E /* Seven_Spades.png in Resources */,
				0F33D2E01C67E123007E498E /* Two_Spades.png in Resources */,
				0F33D2B01C67DFD3007E498E /* Eight_Spades.png in Resources */,
				0F33D2CF1C67E0D0007E498E /* Four_Hearts.png in Resources */,
				0F33D2E21C67F125007E498E /* King_Spades.png in Resources */,
				0F33D2C81C67E095007E498E /* Five_Spades.png in Resources */,
				0F33D2DD1C67E123007E498E /* Two_Clubs.png in Resources */,
				0F33D2BF1C67E04D007E498E /* Six_Hearts.png in Resources */,
				386E924E1C5665D4007D0AF0 /* MainMenu.xib in Resources */,
				0F33D2AF1C67DFD3007E498E /* Eight_Hearts.png in Resources */,
				0F33D2CE1C67E0D0007E498E /* Four_Diamonds.png in Resources */,
				0F33D2A51C67DFA6007E498E /* Nine_Clubs.png in Resources */,
				0F33D2C21C67E086007E498E /* Five_Clubs.png in Resources */,
				0F33D2DE1C67E123007E498E /* Two_Diamonds.png in Resources */,
				0F33D2971C67DEF1007E498E /* Jack_Hearts.png in Resources */,
				0F33D2A61C67DFA6007E498E /* Nine_Diamonds.png in Resources */,
				0F33D2851C67DDD1007E498E /* King_Clubs.png in Resources */,
				0F33D2C61C67E095007E498E /* Five_Diamonds.png in Resources */,
				0F33D2D81C67E106007E498E /* Three_Spades.png in Resources */,
				0F33D2B71C67E016007E498E /* Seven_Hearts.png in Resources */,
				0F33D2781C66C7F9007E498E /* Card.xib in Resources */,
			);
			runOnlyForDeploymentPostprocessing = 0;
		};
/* End PBXResourcesBuildPhase section */

/* Begin PBXSourcesBuildPhase section */
		386E92411C5665D4007D0AF0 /* Sources */ = {
			isa = PBXSourcesBuildPhase;
			buildActionMask = 2147483647;
			files = (
				38D4CB151C65417F00859E04 /* random_card_generator.swift in Sources */,
				0F33D2761C66C53A007E498E /* Card.swift in Sources */,
				386E92491C5665D4007D0AF0 /* AppDelegate.swift in Sources */,
			);
			runOnlyForDeploymentPostprocessing = 0;
		};
/* End PBXSourcesBuildPhase section */

/* Begin PBXVariantGroup section */
		386E924C1C5665D4007D0AF0 /* MainMenu.xib */ = {
			isa = PBXVariantGroup;
			children = (
				386E924D1C5665D4007D0AF0 /* Base */,
			);
			name = MainMenu.xib;
			sourceTree = "<group>";
		};
/* End PBXVariantGroup section */

/* Begin XCBuildConfiguration section */
		386E92501C5665D4007D0AF0 /* Debug */ = {
			isa = XCBuildConfiguration;
			buildSettings = {
				ALWAYS_SEARCH_USER_PATHS = NO;
				CLANG_CXX_LANGUAGE_STANDARD = "gnu++0x";
				CLANG_CXX_LIBRARY = "libc++";
				CLANG_ENABLE_MODULES = YES;
				CLANG_ENABLE_OBJC_ARC = YES;
				CLANG_WARN_BOOL_CONVERSION = YES;
				CLANG_WARN_CONSTANT_CONVERSION = YES;
				CLANG_WARN_DIRECT_OBJC_ISA_USAGE = YES_ERROR;
				CLANG_WARN_EMPTY_BODY = YES;
				CLANG_WARN_ENUM_CONVERSION = YES;
				CLANG_WARN_INT_CONVERSION = YES;
				CLANG_WARN_OBJC_ROOT_CLASS = YES_ERROR;
				CLANG_WARN_UNREACHABLE_CODE = YES;
				CLANG_WARN__DUPLICATE_METHOD_MATCH = YES;
				CODE_SIGN_IDENTITY = "-";
				COPY_PHASE_STRIP = NO;
				DEBUG_INFORMATION_FORMAT = dwarf;
				ENABLE_STRICT_OBJC_MSGSEND = YES;
				ENABLE_TESTABILITY = YES;
				GCC_C_LANGUAGE_STANDARD = gnu99;
				GCC_DYNAMIC_NO_PIC = NO;
				GCC_NO_COMMON_BLOCKS = YES;
				GCC_OPTIMIZATION_LEVEL = 0;
				GCC_PREPROCESSOR_DEFINITIONS = (
					"DEBUG=1",
					"$(inherited)",
				);
				GCC_WARN_64_TO_32_BIT_CONVERSION = YES;
				GCC_WARN_ABOUT_RETURN_TYPE = YES_ERROR;
				GCC_WARN_UNDECLARED_SELECTOR = YES;
				GCC_WARN_UNINITIALIZED_AUTOS = YES_AGGRESSIVE;
				GCC_WARN_UNUSED_FUNCTION = YES;
				GCC_WARN_UNUSED_VARIABLE = YES;
				MACOSX_DEPLOYMENT_TARGET = 10.11;
				MTL_ENABLE_DEBUG_INFO = YES;
				ONLY_ACTIVE_ARCH = YES;
				SDKROOT = macosx;
				SWIFT_OPTIMIZATION_LEVEL = "-Onone";
			};
			name = Debug;
		};
		386E92511C5665D4007D0AF0 /* Release */ = {
			isa = XCBuildConfiguration;
			buildSettings = {
				ALWAYS_SEARCH_USER_PATHS = NO;
				CLANG_CXX_LANGUAGE_STANDARD = "gnu++0x";
				CLANG_CXX_LIBRARY = "libc++";
				CLANG_ENABLE_MODULES = YES;
				CLANG_ENABLE_OBJC_ARC = YES;
				CLANG_WARN_BOOL_CONVERSION = YES;
				CLANG_WARN_CONSTANT_CONVERSION = YES;
				CLANG_WARN_DIRECT_OBJC_ISA_USAGE = YES_ERROR;
				CLANG_WARN_EMPTY_BODY = YES;
				CLANG_WARN_ENUM_CONVERSION = YES;
				CLANG_WARN_INT_CONVERSION = YES;
				CLANG_WARN_OBJC_ROOT_CLASS = YES_ERROR;
				CLANG_WARN_UNREACHABLE_CODE = YES;
				CLANG_WARN__DUPLICATE_METHOD_MATCH = YES;
				CODE_SIGN_IDENTITY = "-";
				COPY_PHASE_STRIP = NO;
				DEBUG_INFORMATION_FORMAT = "dwarf-with-dsym";
				ENABLE_NS_ASSERTIONS = NO;
				ENABLE_STRICT_OBJC_MSGSEND = YES;
				GCC_C_LANGUAGE_STANDARD = gnu99;
				GCC_NO_COMMON_BLOCKS = YES;
				GCC_WARN_64_TO_32_BIT_CONVERSION = YES;
				GCC_WARN_ABOUT_RETURN_TYPE = YES_ERROR;
				GCC_WARN_UNDECLARED_SELECTOR = YES;
				GCC_WARN_UNINITIALIZED_AUTOS = YES_AGGRESSIVE;
				GCC_WARN_UNUSED_FUNCTION = YES;
				GCC_WARN_UNUSED_VARIABLE = YES;
				MACOSX_DEPLOYMENT_TARGET = 10.11;
				MTL_ENABLE_DEBUG_INFO = NO;
				SDKROOT = macosx;
			};
			name = Release;
		};
		386E92531C5665D4007D0AF0 /* Debug */ = {
			isa = XCBuildConfiguration;
			buildSettings = {
				ASSETCATALOG_COMPILER_APPICON_NAME = AppIcon;
				COMBINE_HIDPI_IMAGES = YES;
				INFOPLIST_FILE = random_card/Info.plist;
				LD_RUNPATH_SEARCH_PATHS = "$(inherited) @executable_path/../Frameworks";
				PRODUCT_BUNDLE_IDENTIFIER = "practice.random-card";
				PRODUCT_NAME = "$(TARGET_NAME)";
			};
			name = Debug;
		};
		386E92541C5665D4007D0AF0 /* Release */ = {
			isa = XCBuildConfiguration;
			buildSettings = {
				ASSETCATALOG_COMPILER_APPICON_NAME = AppIcon;
				COMBINE_HIDPI_IMAGES = YES;
				INFOPLIST_FILE = random_card/Info.plist;
				LD_RUNPATH_SEARCH_PATHS = "$(inherited) @executable_path/../Frameworks";
				PRODUCT_BUNDLE_IDENTIFIER = "practice.random-card";
				PRODUCT_NAME = "$(TARGET_NAME)";
			};
			name = Release;
		};
/* End XCBuildConfiguration section */

/* Begin XCConfigurationList section */
		386E92401C5665D4007D0AF0 /* Build configuration list for PBXProject "random_card" */ = {
			isa = XCConfigurationList;
			buildConfigurations = (
				386E92501C5665D4007D0AF0 /* Debug */,
				386E92511C5665D4007D0AF0 /* Release */,
			);
			defaultConfigurationIsVisible = 0;
			defaultConfigurationName = Release;
		};
		386E92521C5665D4007D0AF0 /* Build configuration list for PBXNativeTarget "random_card" */ = {
			isa = XCConfigurationList;
			buildConfigurations = (
				386E92531C5665D4007D0AF0 /* Debug */,
				386E92541C5665D4007D0AF0 /* Release */,
			);
			defaultConfigurationIsVisible = 0;
			defaultConfigurationName = Release;
		};
/* End XCConfigurationList section */
	};
	rootObject = 386E923D1C5665D4007D0AF0 /* Project object */;
}
